
Microsoft Visual Studio Solution File, Format Version 12.00
# Visual Studio Version 17
VisualStudioVersion = 17.14.36127.28 d17.14
MinimumVisualStudioVersion = 10.0.40219.1
Project("{FAE04EC0-301F-11D3-BF4B-00C04F79EFBC}") = "ProjektNC", "ProjektNC\ProjektNC.csproj", "{A7F84AE0-D64B-428C-A187-56798959844B}"
EndProject
Global
	GlobalSection(SolutionConfigurationPlatforms) = preSolution
		Debug|Any CPU = Debug|Any CPU
		Release|Any CPU = Release|Any CPU
	EndGlobalSection
	GlobalSection(ProjectConfigurationPlatforms) = postSolution
		{A7F84AE0-D64B-428C-A187-56798959844B}.Debug|Any CPU.ActiveCfg = Debug|Any CPU
		{A7F84AE0-D64B-428C-A187-56798959844B}.Debug|Any CPU.Build.0 = Debug|Any CPU
		{A7F84AE0-D64B-428C-A187-56798959844B}.Release|Any CPU.ActiveCfg = Release|Any CPU
		{A7F84AE0-D64B-428C-A187-56798959844B}.Release|Any CPU.Build.0 = Release|Any CPU
	EndGlobalSection
	GlobalSection(SolutionProperties) = preSolution
		HideSolutionNode = FALSE
	EndGlobalSection
	GlobalSection(ExtensibilityGlobals) = postSolution
		SolutionGuid = {8FA99AF6-0A73-4C05-A74D-508EFB8F5663}
	EndGlobalSection
EndGlobal
